
Microsoft Visual Studio Solution File, Format Version 12.00
Project("{FAE04EC0-301F-11D3-BF4B-00C04F79EFBC}") = "SmartBuilding", "SmartBuilding\SmartBuilding.csproj", "{284112BB-6E32-46DA-94D9-5E27D1F13835}"
EndProject
Global
	GlobalSection(SolutionConfigurationPlatforms) = preSolution
		Debug|Any CPU = Debug|Any CPU
		Release|Any CPU = Release|Any CPU
	EndGlobalSection
	GlobalSection(ProjectConfigurationPlatforms) = postSolution
		{284112BB-6E32-46DA-94D9-5E27D1F13835}.Debug|Any CPU.ActiveCfg = Debug|Any CPU
		{284112BB-6E32-46DA-94D9-5E27D1F13835}.Debug|Any CPU.Build.0 = Debug|Any CPU
		{284112BB-6E32-46DA-94D9-5E27D1F13835}.Release|Any CPU.ActiveCfg = Release|Any CPU
		{284112BB-6E32-46DA-94D9-5E27D1F13835}.Release|Any CPU.Build.0 = Release|Any CPU
	EndGlobalSection
EndGlobal
